// !$*UTF8*$!
{
	archiveVersion = 1;
	classes = {
	};
	objectVersion = 48;
	objects = {

/* Begin PBXBuildFile section */
		848522E4207BCCF40009A75E /* AppDelegate.swift in Sources */ = {isa = PBXBuildFile; fileRef = 848522E3207BCCF40009A75E /* AppDelegate.swift */; };
		848522E6207BCCF40009A75E /* ViewController.swift in Sources */ = {isa = PBXBuildFile; fileRef = 848522E5207BCCF40009A75E /* ViewController.swift */; };
		848522E8207BCCF40009A75E /* Assets.xcassets in Resources */ = {isa = PBXBuildFile; fileRef = 848522E7207BCCF40009A75E /* Assets.xcassets */; };
		848522EB207BCCF40009A75E /* Main.storyboard in Resources */ = {isa = PBXBuildFile; fileRef = 848522E9207BCCF40009A75E /* Main.storyboard */; };
		A607E47124C1A5F2006FB473 /* XMLStackParser.swift in Sources */ = {isa = PBXBuildFile; fileRef = A607E46324C1A5F1006FB473 /* XMLStackParser.swift */; };
		A607E47224C1A5F2006FB473 /* XMLReferencingEncoder.swift in Sources */ = {isa = PBXBuildFile; fileRef = A607E46524C1A5F1006FB473 /* XMLReferencingEncoder.swift */; };
		A607E47324C1A5F2006FB473 /* EncodingErrorExtension.swift in Sources */ = {isa = PBXBuildFile; fileRef = A607E46624C1A5F1006FB473 /* EncodingErrorExtension.swift */; };
		A607E47424C1A5F2006FB473 /* XMLEncoder.swift in Sources */ = {isa = PBXBuildFile; fileRef = A607E46724C1A5F1006FB473 /* XMLEncoder.swift */; };
		A607E47524C1A5F2006FB473 /* XMLEncodingStorage.swift in Sources */ = {isa = PBXBuildFile; fileRef = A607E46824C1A5F1006FB473 /* XMLEncodingStorage.swift */; };
		A607E47624C1A5F2006FB473 /* DecodingErrorExtension.swift in Sources */ = {isa = PBXBuildFile; fileRef = A607E46A24C1A5F1006FB473 /* DecodingErrorExtension.swift */; };
		A607E47724C1A5F2006FB473 /* XMLUnkeyedDecodingContainer.swift in Sources */ = {isa = PBXBuildFile; fileRef = A607E46B24C1A5F1006FB473 /* XMLUnkeyedDecodingContainer.swift */; };
		A607E47824C1A5F2006FB473 /* XMLKeyedDecodingContainer.swift in Sources */ = {isa = PBXBuildFile; fileRef = A607E46C24C1A5F1006FB473 /* XMLKeyedDecodingContainer.swift */; };
		A607E47924C1A5F2006FB473 /* XMLDecodingStorage.swift in Sources */ = {isa = PBXBuildFile; fileRef = A607E46D24C1A5F1006FB473 /* XMLDecodingStorage.swift */; };
		A607E47A24C1A5F2006FB473 /* XMLDecoder.swift in Sources */ = {isa = PBXBuildFile; fileRef = A607E46E24C1A5F1006FB473 /* XMLDecoder.swift */; };
		A607E47B24C1A5F2006FB473 /* ISO8601DateFormatter.swift in Sources */ = {isa = PBXBuildFile; fileRef = A607E46F24C1A5F1006FB473 /* ISO8601DateFormatter.swift */; };
		A607E47C24C1A5F2006FB473 /* XMLKey.swift in Sources */ = {isa = PBXBuildFile; fileRef = A607E47024C1A5F1006FB473 /* XMLKey.swift */; };
		A607E48024C44C13006FB473 /* VectorNode.swift in Sources */ = {isa = PBXBuildFile; fileRef = A607E47F24C44C13006FB473 /* VectorNode.swift */; };
		A607E48224C44C48006FB473 /* FrameModel.swift in Sources */ = {isa = PBXBuildFile; fileRef = A607E48124C44C48006FB473 /* FrameModel.swift */; };
		A607E48524C44C75006FB473 /* Consants.swift in Sources */ = {isa = PBXBuildFile; fileRef = A607E48424C44C75006FB473 /* Consants.swift */; };
		A607E48824C44CAC006FB473 /* CGPoint+Hashable.swift in Sources */ = {isa = PBXBuildFile; fileRef = A607E48724C44CAC006FB473 /* CGPoint+Hashable.swift */; };
		A607E48A24C44CD2006FB473 /* SpaceModel.swift in Sources */ = {isa = PBXBuildFile; fileRef = A607E48924C44CD2006FB473 /* SpaceModel.swift */; };
		A607E48C24C44D0B006FB473 /* PhotoPiece.swift in Sources */ = {isa = PBXBuildFile; fileRef = A607E48B24C44D0B006FB473 /* PhotoPiece.swift */; };
		A607E48E24C44D31006FB473 /* BoundaryPiece.swift in Sources */ = {isa = PBXBuildFile; fileRef = A607E48D24C44D31006FB473 /* BoundaryPiece.swift */; };
		A607E49124C45376006FB473 /* GenerateUtils.swift in Sources */ = {isa = PBXBuildFile; fileRef = A607E49024C45376006FB473 /* GenerateUtils.swift */; };
		A607E49324C4544A006FB473 /* Puzzle.swift in Sources */ = {isa = PBXBuildFile; fileRef = A607E49224C4544A006FB473 /* Puzzle.swift */; };
/* End PBXBuildFile section */

/* Begin PBXFileReference section */
		848522E0207BCCF40009A75E /* CodeGen.app */ = {isa = PBXFileReference; explicitFileType = wrapper.application; includeInIndex = 0; path = CodeGen.app; sourceTree = BUILT_PRODUCTS_DIR; };
		848522E3207BCCF40009A75E /* AppDelegate.swift */ = {isa = PBXFileReference; lastKnownFileType = sourcecode.swift; path = AppDelegate.swift; sourceTree = "<group>"; };
		848522E5207BCCF40009A75E /* ViewController.swift */ = {isa = PBXFileReference; lastKnownFileType = sourcecode.swift; path = ViewController.swift; sourceTree = "<group>"; };
		848522E7207BCCF40009A75E /* Assets.xcassets */ = {isa = PBXFileReference; lastKnownFileType = folder.assetcatalog; path = Assets.xcassets; sourceTree = "<group>"; };
		848522EA207BCCF40009A75E /* Base */ = {isa = PBXFileReference; lastKnownFileType = file.storyboard; name = Base; path = Base.lproj/Main.storyboard; sourceTree = "<group>"; };
		848522EC207BCCF40009A75E /* Info.plist */ = {isa = PBXFileReference; lastKnownFileType = text.plist.xml; path = Info.plist; sourceTree = "<group>"; };
		848522ED207BCCF40009A75E /* CodeGen.entitlements */ = {isa = PBXFileReference; lastKnownFileType = text.plist.entitlements; path = CodeGen.entitlements; sourceTree = "<group>"; };
		A607E46324C1A5F1006FB473 /* XMLStackParser.swift */ = {isa = PBXFileReference; fileEncoding = 4; lastKnownFileType = sourcecode.swift; path = XMLStackParser.swift; sourceTree = "<group>"; };
		A607E46524C1A5F1006FB473 /* XMLReferencingEncoder.swift */ = {isa = PBXFileReference; fileEncoding = 4; lastKnownFileType = sourcecode.swift; path = XMLReferencingEncoder.swift; sourceTree = "<group>"; };
		A607E46624C1A5F1006FB473 /* EncodingErrorExtension.swift */ = {isa = PBXFileReference; fileEncoding = 4; lastKnownFileType = sourcecode.swift; path = EncodingErrorExtension.swift; sourceTree = "<group>"; };
		A607E46724C1A5F1006FB473 /* XMLEncoder.swift */ = {isa = PBXFileReference; fileEncoding = 4; lastKnownFileType = sourcecode.swift; path = XMLEncoder.swift; sourceTree = "<group>"; };
		A607E46824C1A5F1006FB473 /* XMLEncodingStorage.swift */ = {isa = PBXFileReference; fileEncoding = 4; lastKnownFileType = sourcecode.swift; path = XMLEncodingStorage.swift; sourceTree = "<group>"; };
		A607E46A24C1A5F1006FB473 /* DecodingErrorExtension.swift */ = {isa = PBXFileReference; fileEncoding = 4; lastKnownFileType = sourcecode.swift; path = DecodingErrorExtension.swift; sourceTree = "<group>"; };
		A607E46B24C1A5F1006FB473 /* XMLUnkeyedDecodingContainer.swift */ = {isa = PBXFileReference; fileEncoding = 4; lastKnownFileType = sourcecode.swift; path = XMLUnkeyedDecodingContainer.swift; sourceTree = "<group>"; };
		A607E46C24C1A5F1006FB473 /* XMLKeyedDecodingContainer.swift */ = {isa = PBXFileReference; fileEncoding = 4; lastKnownFileType = sourcecode.swift; path = XMLKeyedDecodingContainer.swift; sourceTree = "<group>"; };
		A607E46D24C1A5F1006FB473 /* XMLDecodingStorage.swift */ = {isa = PBXFileReference; fileEncoding = 4; lastKnownFileType = sourcecode.swift; path = XMLDecodingStorage.swift; sourceTree = "<group>"; };
		A607E46E24C1A5F1006FB473 /* XMLDecoder.swift */ = {isa = PBXFileReference; fileEncoding = 4; lastKnownFileType = sourcecode.swift; path = XMLDecoder.swift; sourceTree = "<group>"; };
		A607E46F24C1A5F1006FB473 /* ISO8601DateFormatter.swift */ = {isa = PBXFileReference; fileEncoding = 4; lastKnownFileType = sourcecode.swift; path = ISO8601DateFormatter.swift; sourceTree = "<group>"; };
		A607E47024C1A5F1006FB473 /* XMLKey.swift */ = {isa = PBXFileReference; fileEncoding = 4; lastKnownFileType = sourcecode.swift; path = XMLKey.swift; sourceTree = "<group>"; };
		A607E47F24C44C13006FB473 /* VectorNode.swift */ = {isa = PBXFileReference; lastKnownFileType = sourcecode.swift; path = VectorNode.swift; sourceTree = "<group>"; };
		A607E48124C44C48006FB473 /* FrameModel.swift */ = {isa = PBXFileReference; lastKnownFileType = sourcecode.swift; path = FrameModel.swift; sourceTree = "<group>"; };
		A607E48424C44C75006FB473 /* Consants.swift */ = {isa = PBXFileReference; lastKnownFileType = sourcecode.swift; path = Consants.swift; sourceTree = "<group>"; };
		A607E48724C44CAC006FB473 /* CGPoint+Hashable.swift */ = {isa = PBXFileReference; lastKnownFileType = sourcecode.swift; path = "CGPoint+Hashable.swift"; sourceTree = "<group>"; };
		A607E48924C44CD2006FB473 /* SpaceModel.swift */ = {isa = PBXFileReference; lastKnownFileType = sourcecode.swift; path = SpaceModel.swift; sourceTree = "<group>"; };
		A607E48B24C44D0B006FB473 /* PhotoPiece.swift */ = {isa = PBXFileReference; lastKnownFileType = sourcecode.swift; path = PhotoPiece.swift; sourceTree = "<group>"; };
		A607E48D24C44D31006FB473 /* BoundaryPiece.swift */ = {isa = PBXFileReference; lastKnownFileType = sourcecode.swift; path = BoundaryPiece.swift; sourceTree = "<group>"; };
		A607E49024C45376006FB473 /* GenerateUtils.swift */ = {isa = PBXFileReference; lastKnownFileType = sourcecode.swift; path = GenerateUtils.swift; sourceTree = "<group>"; };
		A607E49224C4544A006FB473 /* Puzzle.swift */ = {isa = PBXFileReference; lastKnownFileType = sourcecode.swift; path = Puzzle.swift; sourceTree = "<group>"; };
/* End PBXFileReference section */

/* Begin PBXFrameworksBuildPhase section */
		848522DD207BCCF40009A75E /* Frameworks */ = {
			isa = PBXFrameworksBuildPhase;
			buildActionMask = 2147483647;
			files = (
			);
			runOnlyForDeploymentPostprocessing = 0;
		};
/* End PBXFrameworksBuildPhase section */

/* Begin PBXGroup section */
		848522D7207BCCF40009A75E = {
			isa = PBXGroup;
			children = (
				848522E2207BCCF40009A75E /* CodeGen */,
				848522E1207BCCF40009A75E /* Products */,
			);
			sourceTree = "<group>";
		};
		848522E1207BCCF40009A75E /* Products */ = {
			isa = PBXGroup;
			children = (
				848522E0207BCCF40009A75E /* CodeGen.app */,
			);
			name = Products;
			sourceTree = "<group>";
		};
		848522E2207BCCF40009A75E /* CodeGen */ = {
			isa = PBXGroup;
			children = (
				A607E47D24C44BF8006FB473 /* Classes */,
				84852301207BCFEC0009A75E /* Scene */,
				848522E3207BCCF40009A75E /* AppDelegate.swift */,
				848522E7207BCCF40009A75E /* Assets.xcassets */,
				848522E9207BCCF40009A75E /* Main.storyboard */,
				848522EC207BCCF40009A75E /* Info.plist */,
				848522ED207BCCF40009A75E /* CodeGen.entitlements */,
			);
			path = CodeGen;
			sourceTree = "<group>";
		};
		84852301207BCFEC0009A75E /* Scene */ = {
			isa = PBXGroup;
			children = (
				84852302207BCFFA0009A75E /* Main */,
			);
			path = Scene;
			sourceTree = "<group>";
		};
		84852302207BCFFA0009A75E /* Main */ = {
			isa = PBXGroup;
			children = (
				848522E5207BCCF40009A75E /* ViewController.swift */,
			);
			path = Main;
			sourceTree = "<group>";
		};
		A607E46224C1A5F1006FB473 /* XMLParsing */ = {
			isa = PBXGroup;
			children = (
				A607E46324C1A5F1006FB473 /* XMLStackParser.swift */,
				A607E46424C1A5F1006FB473 /* Encoder */,
				A607E46924C1A5F1006FB473 /* Decoder */,
				A607E46F24C1A5F1006FB473 /* ISO8601DateFormatter.swift */,
				A607E47024C1A5F1006FB473 /* XMLKey.swift */,
			);
			path = XMLParsing;
			sourceTree = "<group>";
		};
		A607E46424C1A5F1006FB473 /* Encoder */ = {
			isa = PBXGroup;
			children = (
				A607E46524C1A5F1006FB473 /* XMLReferencingEncoder.swift */,
				A607E46624C1A5F1006FB473 /* EncodingErrorExtension.swift */,
				A607E46724C1A5F1006FB473 /* XMLEncoder.swift */,
				A607E46824C1A5F1006FB473 /* XMLEncodingStorage.swift */,
			);
			path = Encoder;
			sourceTree = "<group>";
		};
		A607E46924C1A5F1006FB473 /* Decoder */ = {
			isa = PBXGroup;
			children = (
				A607E46A24C1A5F1006FB473 /* DecodingErrorExtension.swift */,
				A607E46B24C1A5F1006FB473 /* XMLUnkeyedDecodingContainer.swift */,
				A607E46C24C1A5F1006FB473 /* XMLKeyedDecodingContainer.swift */,
				A607E46D24C1A5F1006FB473 /* XMLDecodingStorage.swift */,
				A607E46E24C1A5F1006FB473 /* XMLDecoder.swift */,
			);
			path = Decoder;
			sourceTree = "<group>";
		};
		A607E47D24C44BF8006FB473 /* Classes */ = {
			isa = PBXGroup;
			children = (
				A607E48F24C44D89006FB473 /* Vendors */,
				A607E48624C44C95006FB473 /* Extensions */,
				A607E48324C44C63006FB473 /* Utils */,
				A607E47E24C44C07006FB473 /* Models */,
			);
			path = Classes;
			sourceTree = "<group>";
		};
		A607E47E24C44C07006FB473 /* Models */ = {
			isa = PBXGroup;
			children = (
				A607E47F24C44C13006FB473 /* VectorNode.swift */,
				A607E48124C44C48006FB473 /* FrameModel.swift */,
				A607E48924C44CD2006FB473 /* SpaceModel.swift */,
				A607E48B24C44D0B006FB473 /* PhotoPiece.swift */,
				A607E48D24C44D31006FB473 /* BoundaryPiece.swift */,
				A607E49224C4544A006FB473 /* Puzzle.swift */,
			);
			path = Models;
			sourceTree = "<group>";
		};
		A607E48324C44C63006FB473 /* Utils */ = {
			isa = PBXGroup;
			children = (
				A607E48424C44C75006FB473 /* Consants.swift */,
				A607E49024C45376006FB473 /* GenerateUtils.swift */,
			);
			path = Utils;
			sourceTree = "<group>";
		};
		A607E48624C44C95006FB473 /* Extensions */ = {
			isa = PBXGroup;
			children = (
				A607E48724C44CAC006FB473 /* CGPoint+Hashable.swift */,
			);
			path = Extensions;
			sourceTree = "<group>";
		};
		A607E48F24C44D89006FB473 /* Vendors */ = {
			isa = PBXGroup;
			children = (
				A607E46224C1A5F1006FB473 /* XMLParsing */,
			);
			path = Vendors;
			sourceTree = "<group>";
		};
/* End PBXGroup section */

/* Begin PBXNativeTarget section */
		848522DF207BCCF40009A75E /* CodeGen */ = {
			isa = PBXNativeTarget;
			buildConfigurationList = 848522FB207BCCF40009A75E /* Build configuration list for PBXNativeTarget "CodeGen" */;
			buildPhases = (
				848522DC207BCCF40009A75E /* Sources */,
				848522DD207BCCF40009A75E /* Frameworks */,
				848522DE207BCCF40009A75E /* Resources */,
			);
			buildRules = (
			);
			dependencies = (
			);
			name = CodeGen;
			productName = CodeGen;
			productReference = 848522E0207BCCF40009A75E /* CodeGen.app */;
			productType = "com.apple.product-type.application";
		};
/* End PBXNativeTarget section */

/* Begin PBXProject section */
		848522D8207BCCF40009A75E /* Project object */ = {
			isa = PBXProject;
			attributes = {
				LastSwiftUpdateCheck = 0920;
				LastUpgradeCheck = 0920;
				ORGANIZATIONNAME = starmel;
				TargetAttributes = {
					848522DF207BCCF40009A75E = {
						CreatedOnToolsVersion = 9.2;
						ProvisioningStyle = Automatic;
						SystemCapabilities = {
							com.apple.Sandbox = {
								enabled = 0;
							};
						};
					};
				};
			};
			buildConfigurationList = 848522DB207BCCF40009A75E /* Build configuration list for PBXProject "CodeGen" */;
			compatibilityVersion = "Xcode 8.0";
			developmentRegion = en;
			hasScannedForEncodings = 0;
			knownRegions = (
				en,
				Base,
			);
			mainGroup = 848522D7207BCCF40009A75E;
			productRefGroup = 848522E1207BCCF40009A75E /* Products */;
			projectDirPath = "";
			projectRoot = "";
			targets = (
				848522DF207BCCF40009A75E /* CodeGen */,
			);
		};
/* End PBXProject section */

/* Begin PBXResourcesBuildPhase section */
		848522DE207BCCF40009A75E /* Resources */ = {
			isa = PBXResourcesBuildPhase;
			buildActionMask = 2147483647;
			files = (
				848522E8207BCCF40009A75E /* Assets.xcassets in Resources */,
				848522EB207BCCF40009A75E /* Main.storyboard in Resources */,
			);
			runOnlyForDeploymentPostprocessing = 0;
		};
/* End PBXResourcesBuildPhase section */

/* Begin PBXSourcesBuildPhase section */
		848522DC207BCCF40009A75E /* Sources */ = {
			isa = PBXSourcesBuildPhase;
			buildActionMask = 2147483647;
			files = (
				A607E49124C45376006FB473 /* GenerateUtils.swift in Sources */,
				848522E6207BCCF40009A75E /* ViewController.swift in Sources */,
				A607E47B24C1A5F2006FB473 /* ISO8601DateFormatter.swift in Sources */,
				A607E47224C1A5F2006FB473 /* XMLReferencingEncoder.swift in Sources */,
				848522E4207BCCF40009A75E /* AppDelegate.swift in Sources */,
				A607E48024C44C13006FB473 /* VectorNode.swift in Sources */,
				A607E47324C1A5F2006FB473 /* EncodingErrorExtension.swift in Sources */,
				A607E47A24C1A5F2006FB473 /* XMLDecoder.swift in Sources */,
				A607E48C24C44D0B006FB473 /* PhotoPiece.swift in Sources */,
				A607E47724C1A5F2006FB473 /* XMLUnkeyedDecodingContainer.swift in Sources */,
				A607E48A24C44CD2006FB473 /* SpaceModel.swift in Sources */,
				A607E48E24C44D31006FB473 /* BoundaryPiece.swift in Sources */,
				A607E47424C1A5F2006FB473 /* XMLEncoder.swift in Sources */,
				A607E47824C1A5F2006FB473 /* XMLKeyedDecodingContainer.swift in Sources */,
				A607E48224C44C48006FB473 /* FrameModel.swift in Sources */,
				A607E49324C4544A006FB473 /* Puzzle.swift in Sources */,
				A607E47524C1A5F2006FB473 /* XMLEncodingStorage.swift in Sources */,
				A607E47624C1A5F2006FB473 /* DecodingErrorExtension.swift in Sources */,
				A607E47924C1A5F2006FB473 /* XMLDecodingStorage.swift in Sources */,
				A607E47124C1A5F2006FB473 /* XMLStackParser.swift in Sources */,
				A607E48524C44C75006FB473 /* Consants.swift in Sources */,
				A607E48824C44CAC006FB473 /* CGPoint+Hashable.swift in Sources */,
				A607E47C24C1A5F2006FB473 /* XMLKey.swift in Sources */,
			);
			runOnlyForDeploymentPostprocessing = 0;
		};
/* End PBXSourcesBuildPhase section */

/* Begin PBXVariantGroup section */
		848522E9207BCCF40009A75E /* Main.storyboard */ = {
			isa = PBXVariantGroup;
			children = (
				848522EA207BCCF40009A75E /* Base */,
			);
			name = Main.storyboard;
			sourceTree = "<group>";
		};
/* End PBXVariantGroup section */

/* Begin XCBuildConfiguration section */
		848522F9207BCCF40009A75E /* Debug */ = {
			isa = XCBuildConfiguration;
			buildSettings = {
				ALWAYS_SEARCH_USER_PATHS = NO;
				CLANG_ANALYZER_NONNULL = YES;
				CLANG_ANALYZER_NUMBER_OBJECT_CONVERSION = YES_AGGRESSIVE;
				CLANG_CXX_LANGUAGE_STANDARD = "gnu++14";
				CLANG_CXX_LIBRARY = "libc++";
				CLANG_ENABLE_MODULES = YES;
				CLANG_ENABLE_OBJC_ARC = YES;
				CLANG_WARN_BLOCK_CAPTURE_AUTORELEASING = YES;
				CLANG_WARN_BOOL_CONVERSION = YES;
				CLANG_WARN_COMMA = YES;
				CLANG_WARN_CONSTANT_CONVERSION = YES;
				CLANG_WARN_DIRECT_OBJC_ISA_USAGE = YES_ERROR;
				CLANG_WARN_DOCUMENTATION_COMMENTS = YES;
				CLANG_WARN_EMPTY_BODY = YES;
				CLANG_WARN_ENUM_CONVERSION = YES;
				CLANG_WARN_INFINITE_RECURSION = YES;
				CLANG_WARN_INT_CONVERSION = YES;
				CLANG_WARN_NON_LITERAL_NULL_CONVERSION = YES;
				CLANG_WARN_OBJC_LITERAL_CONVERSION = YES;
				CLANG_WARN_OBJC_ROOT_CLASS = YES_ERROR;
				CLANG_WARN_RANGE_LOOP_ANALYSIS = YES;
				CLANG_WARN_STRICT_PROTOTYPES = YES;
				CLANG_WARN_SUSPICIOUS_MOVE = YES;
				CLANG_WARN_UNGUARDED_AVAILABILITY = YES_AGGRESSIVE;
				CLANG_WARN_UNREACHABLE_CODE = YES;
				CLANG_WARN__DUPLICATE_METHOD_MATCH = YES;
				CODE_SIGN_IDENTITY = "Mac Developer";
				COPY_PHASE_STRIP = NO;
				DEBUG_INFORMATION_FORMAT = dwarf;
				ENABLE_STRICT_OBJC_MSGSEND = YES;
				ENABLE_TESTABILITY = YES;
				GCC_C_LANGUAGE_STANDARD = gnu11;
				GCC_DYNAMIC_NO_PIC = NO;
				GCC_NO_COMMON_BLOCKS = YES;
				GCC_OPTIMIZATION_LEVEL = 0;
				GCC_PREPROCESSOR_DEFINITIONS = (
					"DEBUG=1",
					"$(inherited)",
				);
				GCC_WARN_64_TO_32_BIT_CONVERSION = YES;
				GCC_WARN_ABOUT_RETURN_TYPE = YES_ERROR;
				GCC_WARN_UNDECLARED_SELECTOR = YES;
				GCC_WARN_UNINITIALIZED_AUTOS = YES_AGGRESSIVE;
				GCC_WARN_UNUSED_FUNCTION = YES;
				GCC_WARN_UNUSED_VARIABLE = YES;
				MACOSX_DEPLOYMENT_TARGET = 10.12;
				MTL_ENABLE_DEBUG_INFO = YES;
				ONLY_ACTIVE_ARCH = YES;
				SDKROOT = macosx;
				SWIFT_ACTIVE_COMPILATION_CONDITIONS = DEBUG;
				SWIFT_OPTIMIZATION_LEVEL = "-Onone";
			};
			name = Debug;
		};
		848522FA207BCCF40009A75E /* Release */ = {
			isa = XCBuildConfiguration;
			buildSettings = {
				ALWAYS_SEARCH_USER_PATHS = NO;
				CLANG_ANALYZER_NONNULL = YES;
				CLANG_ANALYZER_NUMBER_OBJECT_CONVERSION = YES_AGGRESSIVE;
				CLANG_CXX_LANGUAGE_STANDARD = "gnu++14";
				CLANG_CXX_LIBRARY = "libc++";
				CLANG_ENABLE_MODULES = YES;
				CLANG_ENABLE_OBJC_ARC = YES;
				CLANG_WARN_BLOCK_CAPTURE_AUTORELEASING = YES;
				CLANG_WARN_BOOL_CONVERSION = YES;
				CLANG_WARN_COMMA = YES;
				CLANG_WARN_CONSTANT_CONVERSION = YES;
				CLANG_WARN_DIRECT_OBJC_ISA_USAGE = YES_ERROR;
				CLANG_WARN_DOCUMENTATION_COMMENTS = YES;
				CLANG_WARN_EMPTY_BODY = YES;
				CLANG_WARN_ENUM_CONVERSION = YES;
				CLANG_WARN_INFINITE_RECURSION = YES;
				CLANG_WARN_INT_CONVERSION = YES;
				CLANG_WARN_NON_LITERAL_NULL_CONVERSION = YES;
				CLANG_WARN_OBJC_LITERAL_CONVERSION = YES;
				CLANG_WARN_OBJC_ROOT_CLASS = YES_ERROR;
				CLANG_WARN_RANGE_LOOP_ANALYSIS = YES;
				CLANG_WARN_STRICT_PROTOTYPES = YES;
				CLANG_WARN_SUSPICIOUS_MOVE = YES;
				CLANG_WARN_UNGUARDED_AVAILABILITY = YES_AGGRESSIVE;
				CLANG_WARN_UNREACHABLE_CODE = YES;
				CLANG_WARN__DUPLICATE_METHOD_MATCH = YES;
				CODE_SIGN_IDENTITY = "Mac Developer";
				COPY_PHASE_STRIP = NO;
				DEBUG_INFORMATION_FORMAT = "dwarf-with-dsym";
				ENABLE_NS_ASSERTIONS = NO;
				ENABLE_STRICT_OBJC_MSGSEND = YES;
				GCC_C_LANGUAGE_STANDARD = gnu11;
				GCC_NO_COMMON_BLOCKS = YES;
				GCC_WARN_64_TO_32_BIT_CONVERSION = YES;
				GCC_WARN_ABOUT_RETURN_TYPE = YES_ERROR;
				GCC_WARN_UNDECLARED_SELECTOR = YES;
				GCC_WARN_UNINITIALIZED_AUTOS = YES_AGGRESSIVE;
				GCC_WARN_UNUSED_FUNCTION = YES;
				GCC_WARN_UNUSED_VARIABLE = YES;
				MACOSX_DEPLOYMENT_TARGET = 10.12;
				MTL_ENABLE_DEBUG_INFO = NO;
				SDKROOT = macosx;
				SWIFT_OPTIMIZATION_LEVEL = "-Owholemodule";
			};
			name = Release;
		};
		848522FC207BCCF40009A75E /* Debug */ = {
			isa = XCBuildConfiguration;
			buildSettings = {
				ASSETCATALOG_COMPILER_APPICON_NAME = AppIcon;
				CODE_SIGN_STYLE = Automatic;
				COMBINE_HIDPI_IMAGES = YES;
				DEVELOPMENT_TEAM = L6U7BB57HF;
				INFOPLIST_FILE = CodeGen/Info.plist;
				LD_RUNPATH_SEARCH_PATHS = "$(inherited) @executable_path/../Frameworks";
				PRODUCT_BUNDLE_IDENTIFIER = davidandty.TempGen;
				PRODUCT_NAME = "$(TARGET_NAME)";
				SWIFT_VERSION = 5.0;
			};
			name = Debug;
		};
		848522FD207BCCF40009A75E /* Release */ = {
			isa = XCBuildConfiguration;
			buildSettings = {
				ASSETCATALOG_COMPILER_APPICON_NAME = AppIcon;
				CODE_SIGN_STYLE = Automatic;
				COMBINE_HIDPI_IMAGES = YES;
				DEVELOPMENT_TEAM = L6U7BB57HF;
				INFOPLIST_FILE = CodeGen/Info.plist;
				LD_RUNPATH_SEARCH_PATHS = "$(inherited) @executable_path/../Frameworks";
				PRODUCT_BUNDLE_IDENTIFIER = davidandty.TempGen;
				PRODUCT_NAME = "$(TARGET_NAME)";
				SWIFT_VERSION = 5.0;
			};
			name = Release;
		};
/* End XCBuildConfiguration section */

/* Begin XCConfigurationList section */
		848522DB207BCCF40009A75E /* Build configuration list for PBXProject "CodeGen" */ = {
			isa = XCConfigurationList;
			buildConfigurations = (
				848522F9207BCCF40009A75E /* Debug */,
				848522FA207BCCF40009A75E /* Release */,
			);
			defaultConfigurationIsVisible = 0;
			defaultConfigurationName = Release;
		};
		848522FB207BCCF40009A75E /* Build configuration list for PBXNativeTarget "CodeGen" */ = {
			isa = XCConfigurationList;
			buildConfigurations = (
				848522FC207BCCF40009A75E /* Debug */,
				848522FD207BCCF40009A75E /* Release */,
			);
			defaultConfigurationIsVisible = 0;
			defaultConfigurationName = Release;
		};
/* End XCConfigurationList section */
	};
	rootObject = 848522D8207BCCF40009A75E /* Project object */;
}
